
Microsoft Visual Studio Solution File, Format Version 12.00
# Visual Studio 15
VisualStudioVersion = 15.0.26430.16
MinimumVisualStudioVersion = 10.0.40219.1
Project("{2150E333-8FDC-42A3-9474-1A3956D46DE8}") = "Solution Items", "Solution Items", "{E789D0E5-31C6-4B48-A2F2-144D8336EAB3}"
	ProjectSection(SolutionItems) = preProject
		README.md = README.md
	EndProjectSection
EndProject
Project("{9A19103F-16F7-4668-BE54-9A1E7A4F7556}") = "netmockery", "netmockery\netmockery.csproj", "{3416FD6A-7658-4BEC-8467-13196D5FD2CA}"
EndProject
Project("{9A19103F-16F7-4668-BE54-9A1E7A4F7556}") = "UnitTests", "UnitTests\UnitTests.csproj", "{10629440-1E0F-4677-8461-831C5251E96D}"
EndProject
Global
	GlobalSection(SolutionConfigurationPlatforms) = preSolution
		Debug|Any CPU = Debug|Any CPU
		Release|Any CPU = Release|Any CPU
	EndGlobalSection
	GlobalSection(ProjectConfigurationPlatforms) = postSolution
		{3416FD6A-7658-4BEC-8467-13196D5FD2CA}.Debug|Any CPU.ActiveCfg = Debug|Any CPU
		{3416FD6A-7658-4BEC-8467-13196D5FD2CA}.Debug|Any CPU.Build.0 = Debug|Any CPU
		{3416FD6A-7658-4BEC-8467-13196D5FD2CA}.Release|Any CPU.ActiveCfg = Release|Any CPU
		{3416FD6A-7658-4BEC-8467-13196D5FD2CA}.Release|Any CPU.Build.0 = Release|Any CPU
		{10629440-1E0F-4677-8461-831C5251E96D}.Debug|Any CPU.ActiveCfg = Debug|Any CPU
		{10629440-1E0F-4677-8461-831C5251E96D}.Debug|Any CPU.Build.0 = Debug|Any CPU
		{10629440-1E0F-4677-8461-831C5251E96D}.Release|Any CPU.ActiveCfg = Release|Any CPU
		{10629440-1E0F-4677-8461-831C5251E96D}.Release|Any CPU.Build.0 = Release|Any CPU
	EndGlobalSection
	GlobalSection(SolutionProperties) = preSolution
		HideSolutionNode = FALSE
	EndGlobalSection
EndGlobal
