
Microsoft Visual Studio Solution File, Format Version 12.00
# Visual Studio 14
VisualStudioVersion = 14.0.25123.0
MinimumVisualStudioVersion = 10.0.40219.1
Project("{8BB2217D-0F2D-49D1-97BC-3654ED321F3B}") = "netmockery", "netmockery\netmockery.xproj", "{3416FD6A-7658-4BEC-8467-13196D5FD2CA}"
EndProject
Project("{8BB2217D-0F2D-49D1-97BC-3654ED321F3B}") = "UnitTests", "UnitTests\UnitTests.xproj", "{10629440-1E0F-4677-8461-831C5251E96D}"
EndProject
Global
	GlobalSection(SolutionConfigurationPlatforms) = preSolution
		Debug|Any CPU = Debug|Any CPU
		Release|Any CPU = Release|Any CPU
	EndGlobalSection
	GlobalSection(ProjectConfigurationPlatforms) = postSolution
		{3416FD6A-7658-4BEC-8467-13196D5FD2CA}.Debug|Any CPU.ActiveCfg = Debug|Any CPU
		{3416FD6A-7658-4BEC-8467-13196D5FD2CA}.Debug|Any CPU.Build.0 = Debug|Any CPU
		{3416FD6A-7658-4BEC-8467-13196D5FD2CA}.Release|Any CPU.ActiveCfg = Release|Any CPU
		{3416FD6A-7658-4BEC-8467-13196D5FD2CA}.Release|Any CPU.Build.0 = Release|Any CPU
		{10629440-1E0F-4677-8461-831C5251E96D}.Debug|Any CPU.ActiveCfg = Debug|Any CPU
		{10629440-1E0F-4677-8461-831C5251E96D}.Debug|Any CPU.Build.0 = Debug|Any CPU
		{10629440-1E0F-4677-8461-831C5251E96D}.Release|Any CPU.ActiveCfg = Release|Any CPU
		{10629440-1E0F-4677-8461-831C5251E96D}.Release|Any CPU.Build.0 = Release|Any CPU
	EndGlobalSection
	GlobalSection(SolutionProperties) = preSolution
		HideSolutionNode = FALSE
	EndGlobalSection
EndGlobal
